<?xml version="1.0" encoding="UTF-8"?>
<Scheme
   version = "1.3">
   <BuildAction>
      <BuildActionEntries>
         <BuildActionEntry
            buildForRunning = "YES">
            <BuildableReference
               BuildableIdentifier = "primary"
               BlueprintIdentifier = "D0BE131B98D45CF518B0D855"
               BuildableName = "MauAR_Demo.app"
               BlueprintName = "MauAR_Demo"
               ReferencedContainer = "container:MauAR_Demo.xcodeproj">
            </BuildableReference>
         </BuildActionEntry>
      </BuildActionEntries>
   </BuildAction>
   <LaunchAction
      useCustomWorkingDirectory = "NO"
      buildConfiguration = "Debug">
      <BuildableProductRunnable>
         <BuildableReference
            BuildableIdentifier = "primary"
            BlueprintIdentifier = "D0BE131B98D45CF518B0D855"
            BuildableName = "MauAR_Demo.app"
            BlueprintName = "MauAR_Demo"
            ReferencedContainer = "container:MauAR_Demo.xcodeproj">
         </BuildableReference>
      </BuildableProductRunnable>
   </LaunchAction>
</Scheme>
